
Microsoft Visual Studio Solution File, Format Version 12.00
# Visual Studio Version 17
VisualStudioVersion = 17.10.35013.160
MinimumVisualStudioVersion = 10.0.40219.1
Project("{FAE04EC0-301F-11D3-BF4B-00C04F79EFBC}") = "YungChingAPI", "YungChingAPI.csproj", "{332CB5CC-F6F9-4916-BE79-10DB69BABAE0}"
EndProject
Global
	GlobalSection(SolutionConfigurationPlatforms) = preSolution
		Debug|Any CPU = Debug|Any CPU
		Release|Any CPU = Release|Any CPU
	EndGlobalSection
	GlobalSection(ProjectConfigurationPlatforms) = postSolution
		{332CB5CC-F6F9-4916-BE79-10DB69BABAE0}.Debug|Any CPU.ActiveCfg = Debug|Any CPU
		{332CB5CC-F6F9-4916-BE79-10DB69BABAE0}.Debug|Any CPU.Build.0 = Debug|Any CPU
		{332CB5CC-F6F9-4916-BE79-10DB69BABAE0}.Release|Any CPU.ActiveCfg = Release|Any CPU
		{332CB5CC-F6F9-4916-BE79-10DB69BABAE0}.Release|Any CPU.Build.0 = Release|Any CPU
	EndGlobalSection
	GlobalSection(SolutionProperties) = preSolution
		HideSolutionNode = FALSE
	EndGlobalSection
	GlobalSection(ExtensibilityGlobals) = postSolution
		SolutionGuid = {A1338901-F69F-4FE5-B93B-BDF7A232B0ED}
	EndGlobalSection
EndGlobal
